
Microsoft Visual Studio Solution File, Format Version 12.00
# Visual Studio 15
Project("{FAE04EC0-301F-11D3-BF4B-00C04F79EFBC}") = "mabuse", "mabuse\mabuse.csproj", "{E8041B8C-47D3-4C2B-9CC1-D160C7C6F5E6}"
EndProject
Project("{FAE04EC0-301F-11D3-BF4B-00C04F79EFBC}") = "mabuse.UnitTest", "UnitTests\mabuse.UnitTest.csproj", "{76075EB2-665F-483D-9F50-9A71037E1EE6}"
EndProject
Global
	GlobalSection(SolutionConfigurationPlatforms) = preSolution
		Debug|x86 = Debug|x86
		Release|x86 = Release|x86
	EndGlobalSection
	GlobalSection(ProjectConfigurationPlatforms) = postSolution
		{E8041B8C-47D3-4C2B-9CC1-D160C7C6F5E6}.Debug|x86.ActiveCfg = Debug|Any CPU
		{E8041B8C-47D3-4C2B-9CC1-D160C7C6F5E6}.Debug|x86.Build.0 = Debug|Any CPU
		{E8041B8C-47D3-4C2B-9CC1-D160C7C6F5E6}.Release|x86.ActiveCfg = Release|Any CPU
		{E8041B8C-47D3-4C2B-9CC1-D160C7C6F5E6}.Release|x86.Build.0 = Release|Any CPU
		{76075EB2-665F-483D-9F50-9A71037E1EE6}.Debug|x86.ActiveCfg = Debug|Any CPU
		{76075EB2-665F-483D-9F50-9A71037E1EE6}.Debug|x86.Build.0 = Debug|Any CPU
		{76075EB2-665F-483D-9F50-9A71037E1EE6}.Release|x86.ActiveCfg = Release|Any CPU
		{76075EB2-665F-483D-9F50-9A71037E1EE6}.Release|x86.Build.0 = Release|Any CPU
	EndGlobalSection
	GlobalSection(MonoDevelopProperties) = preSolution
		Policies = $0
		$0.StandardHeader = $1
		$0.VersionControlPolicy = $2
	EndGlobalSection
EndGlobal
